
Microsoft Visual Studio Solution File, Format Version 12.00
# 
VisualStudioVersion = 17.5.002.0
MinimumVisualStudioVersion = 
Project("{FAE04EC0-301F-11D3-BF4B-00C04F79EFBC}") = "Todo", "Todo\Todo.csproj", "{E13B103F-3B64-4B17-906F-6DBBCA01D4F5}"
EndProject
Project("{2150E333-8FDC-42A3-9474-1A3956D46DE8}") = "Todo", "Todo", "{791610E2-346E-40D0-9B3F-E2472391C40F}"
EndProject
Project("{FAE04EC0-301F-11D3-BF4B-00C04F79EFBC}") = "Todo.Commands", "Todo\Todo.Commands\Todo.Commands.csproj", "{AE5AFAC8-247E-4102-ABA7-887BF1D818B3}"
EndProject
Project("{FAE04EC0-301F-11D3-BF4B-00C04F79EFBC}") = "Todo.CommandHandlers", "Todo\Todo.CommandHandlers\Todo.CommandHandlers.csproj", "{936DE6A2-1BCE-43C0-B9D9-E99A05479B82}"
EndProject
Project("{FAE04EC0-301F-11D3-BF4B-00C04F79EFBC}") = "Todo.Queries", "Todo\Todo.Queries\Todo.Queries.csproj", "{307771E1-B5D3-4343-8AB0-8A4158003876}"
EndProject
Project("{FAE04EC0-301F-11D3-BF4B-00C04F79EFBC}") = "Todo.QueryHandlers", "Todo\Todo.QueryHandlers\Todo.QueryHandlers.csproj", "{4AD140ED-A1CC-4066-82B9-FEF003DD7A58}"
EndProject
Project("{FAE04EC0-301F-11D3-BF4B-00C04F79EFBC}") = "Todo.Services", "Todo\Todo.Services\Todo.Services.csproj", "{0FFC7EBE-2834-460B-80A1-705E7C27F1A2}"
EndProject
Project("{2150E333-8FDC-42A3-9474-1A3956D46DE8}") = "Core", "Core", "{85FDC77F-3DCE-4D03-AF17-A696A7DC5CA8}"
EndProject
Project("{FAE04EC0-301F-11D3-BF4B-00C04F79EFBC}") = "Core.Commands", "Core.Commands\Core.Commands.csproj", "{EBB47B8F-4993-4C07-BF41-F6A30D26AB59}"
EndProject
Project("{FAE04EC0-301F-11D3-BF4B-00C04F79EFBC}") = "Core.CommandHandlers", "Core.CommandHandlers\Core.CommandHandlers.csproj", "{614DF7EA-1D5E-485D-AEB6-009A8D33DC26}"
EndProject
Project("{FAE04EC0-301F-11D3-BF4B-00C04F79EFBC}") = "Core.Queries", "Core.Queries\Core.Queries.csproj", "{A0B68EB3-AFF1-4B1E-902A-D4DA22E8DC70}"
EndProject
Project("{FAE04EC0-301F-11D3-BF4B-00C04F79EFBC}") = "Core.QueryHandlers", "Core.QueryHandlers\Core.QueryHandlers.csproj", "{AD2ADBA7-8A6F-4203-A762-921F8452F72E}"
EndProject
Project("{FAE04EC0-301F-11D3-BF4B-00C04F79EFBC}") = "Core.Services", "Core.Services\Core.Services.csproj", "{46B08228-981C-430C-907B-B975EAF4A077}"
EndProject
Project("{FAE04EC0-301F-11D3-BF4B-00C04F79EFBC}") = "WebService", "WebService\WebService.csproj", "{02CAD38B-C3C4-41E4-8544-E0E95D3DF1EB}"
EndProject
Project("{2150E333-8FDC-42A3-9474-1A3956D46DE8}") = "TestKakon", "TestKakon", "{EBEE94DD-A6F1-4D3D-B4A4-32923D19FC42}"
EndProject
Project("{2150E333-8FDC-42A3-9474-1A3956D46DE8}") = "HelloHi", "HelloHi", "{4B52406F-F93F-47D5-9478-13B66326ABF0}"
EndProject
Project("{FAE04EC0-301F-11D3-BF4B-00C04F79EFBC}") = "WebApplication1", "WebApplication1\WebApplication1.csproj", "{CC1A4A8B-14AE-4B8B-BA8D-BFE6E53DD716}"
EndProject
Project("{2150E333-8FDC-42A3-9474-1A3956D46DE8}") = "SolutionKakon", "SolutionKakon", "{9506C840-A217-4058-B00C-7CAA878F077A}"
	ProjectSection(SolutionItems) = preProject
		.config\dotnet-tools.json = .config\dotnet-tools.json
	EndProjectSection
EndProject
Project("{2150E333-8FDC-42A3-9474-1A3956D46DE8}") = "Hudai", "Hudai", "{652A0CEF-C226-4352-9D50-A4D529E8AC49}"
EndProject
Project("{2150E333-8FDC-42A3-9474-1A3956D46DE8}") = "Test2Solution", "Test2Solution", "{1290BAEB-86E2-4125-B39C-2FEC34C94449}"
	ProjectSection(SolutionItems) = preProject
		.gitignore = .gitignore
	EndProjectSection
EndProject
Project("{FAE04EC0-301F-11D3-BF4B-00C04F79EFBC}") = "saregama", "saregama\saregama.csproj", "{FB63F6AF-EFDC-42B9-A02B-3BC329200092}"
EndProject
Project("{2150E333-8FDC-42A3-9474-1A3956D46DE8}") = "LocalSln1", "LocalSln1", "{CB5B82D1-31F9-4B09-B6D6-40D74051FB81}"
EndProject
Global
	GlobalSection(SolutionConfigurationPlatforms) = preSolution
		Debug|Any CPU = Debug|Any CPU
		Release|Any CPU = Release|Any CPU
	EndGlobalSection
	GlobalSection(ProjectConfigurationPlatforms) = postSolution
		{E13B103F-3B64-4B17-906F-6DBBCA01D4F5}.Debug|Any CPU.ActiveCfg = Debug|Any CPU
		{E13B103F-3B64-4B17-906F-6DBBCA01D4F5}.Debug|Any CPU.Build.0 = Debug|Any CPU
		{E13B103F-3B64-4B17-906F-6DBBCA01D4F5}.Release|Any CPU.ActiveCfg = Release|Any CPU
		{E13B103F-3B64-4B17-906F-6DBBCA01D4F5}.Release|Any CPU.Build.0 = Release|Any CPU
		{AE5AFAC8-247E-4102-ABA7-887BF1D818B3}.Debug|Any CPU.ActiveCfg = Debug|Any CPU
		{AE5AFAC8-247E-4102-ABA7-887BF1D818B3}.Debug|Any CPU.Build.0 = Debug|Any CPU
		{AE5AFAC8-247E-4102-ABA7-887BF1D818B3}.Release|Any CPU.ActiveCfg = Release|Any CPU
		{AE5AFAC8-247E-4102-ABA7-887BF1D818B3}.Release|Any CPU.Build.0 = Release|Any CPU
		{936DE6A2-1BCE-43C0-B9D9-E99A05479B82}.Debug|Any CPU.ActiveCfg = Debug|Any CPU
		{936DE6A2-1BCE-43C0-B9D9-E99A05479B82}.Debug|Any CPU.Build.0 = Debug|Any CPU
		{936DE6A2-1BCE-43C0-B9D9-E99A05479B82}.Release|Any CPU.ActiveCfg = Release|Any CPU
		{936DE6A2-1BCE-43C0-B9D9-E99A05479B82}.Release|Any CPU.Build.0 = Release|Any CPU
		{307771E1-B5D3-4343-8AB0-8A4158003876}.Debug|Any CPU.ActiveCfg = Debug|Any CPU
		{307771E1-B5D3-4343-8AB0-8A4158003876}.Debug|Any CPU.Build.0 = Debug|Any CPU
		{307771E1-B5D3-4343-8AB0-8A4158003876}.Release|Any CPU.ActiveCfg = Release|Any CPU
		{307771E1-B5D3-4343-8AB0-8A4158003876}.Release|Any CPU.Build.0 = Release|Any CPU
		{4AD140ED-A1CC-4066-82B9-FEF003DD7A58}.Debug|Any CPU.ActiveCfg = Debug|Any CPU
		{4AD140ED-A1CC-4066-82B9-FEF003DD7A58}.Debug|Any CPU.Build.0 = Debug|Any CPU
		{4AD140ED-A1CC-4066-82B9-FEF003DD7A58}.Release|Any CPU.ActiveCfg = Release|Any CPU
		{4AD140ED-A1CC-4066-82B9-FEF003DD7A58}.Release|Any CPU.Build.0 = Release|Any CPU
		{0FFC7EBE-2834-460B-80A1-705E7C27F1A2}.Debug|Any CPU.ActiveCfg = Debug|Any CPU
		{0FFC7EBE-2834-460B-80A1-705E7C27F1A2}.Debug|Any CPU.Build.0 = Debug|Any CPU
		{0FFC7EBE-2834-460B-80A1-705E7C27F1A2}.Release|Any CPU.ActiveCfg = Release|Any CPU
		{0FFC7EBE-2834-460B-80A1-705E7C27F1A2}.Release|Any CPU.Build.0 = Release|Any CPU
		{EBB47B8F-4993-4C07-BF41-F6A30D26AB59}.Debug|Any CPU.ActiveCfg = Debug|Any CPU
		{EBB47B8F-4993-4C07-BF41-F6A30D26AB59}.Debug|Any CPU.Build.0 = Debug|Any CPU
		{EBB47B8F-4993-4C07-BF41-F6A30D26AB59}.Release|Any CPU.ActiveCfg = Release|Any CPU
		{EBB47B8F-4993-4C07-BF41-F6A30D26AB59}.Release|Any CPU.Build.0 = Release|Any CPU
		{614DF7EA-1D5E-485D-AEB6-009A8D33DC26}.Debug|Any CPU.ActiveCfg = Debug|Any CPU
		{614DF7EA-1D5E-485D-AEB6-009A8D33DC26}.Debug|Any CPU.Build.0 = Debug|Any CPU
		{614DF7EA-1D5E-485D-AEB6-009A8D33DC26}.Release|Any CPU.ActiveCfg = Release|Any CPU
		{614DF7EA-1D5E-485D-AEB6-009A8D33DC26}.Release|Any CPU.Build.0 = Release|Any CPU
		{A0B68EB3-AFF1-4B1E-902A-D4DA22E8DC70}.Debug|Any CPU.ActiveCfg = Debug|Any CPU
		{A0B68EB3-AFF1-4B1E-902A-D4DA22E8DC70}.Debug|Any CPU.Build.0 = Debug|Any CPU
		{A0B68EB3-AFF1-4B1E-902A-D4DA22E8DC70}.Release|Any CPU.ActiveCfg = Release|Any CPU
		{A0B68EB3-AFF1-4B1E-902A-D4DA22E8DC70}.Release|Any CPU.Build.0 = Release|Any CPU
		{AD2ADBA7-8A6F-4203-A762-921F8452F72E}.Debug|Any CPU.ActiveCfg = Debug|Any CPU
		{AD2ADBA7-8A6F-4203-A762-921F8452F72E}.Debug|Any CPU.Build.0 = Debug|Any CPU
		{AD2ADBA7-8A6F-4203-A762-921F8452F72E}.Release|Any CPU.ActiveCfg = Release|Any CPU
		{AD2ADBA7-8A6F-4203-A762-921F8452F72E}.Release|Any CPU.Build.0 = Release|Any CPU
		{46B08228-981C-430C-907B-B975EAF4A077}.Debug|Any CPU.ActiveCfg = Debug|Any CPU
		{46B08228-981C-430C-907B-B975EAF4A077}.Debug|Any CPU.Build.0 = Debug|Any CPU
		{46B08228-981C-430C-907B-B975EAF4A077}.Release|Any CPU.ActiveCfg = Release|Any CPU
		{46B08228-981C-430C-907B-B975EAF4A077}.Release|Any CPU.Build.0 = Release|Any CPU
		{02CAD38B-C3C4-41E4-8544-E0E95D3DF1EB}.Debug|Any CPU.ActiveCfg = Debug|Any CPU
		{02CAD38B-C3C4-41E4-8544-E0E95D3DF1EB}.Debug|Any CPU.Build.0 = Debug|Any CPU
		{02CAD38B-C3C4-41E4-8544-E0E95D3DF1EB}.Release|Any CPU.ActiveCfg = Release|Any CPU
		{02CAD38B-C3C4-41E4-8544-E0E95D3DF1EB}.Release|Any CPU.Build.0 = Release|Any CPU
		{CC1A4A8B-14AE-4B8B-BA8D-BFE6E53DD716}.Debug|Any CPU.ActiveCfg = Debug|Any CPU
		{CC1A4A8B-14AE-4B8B-BA8D-BFE6E53DD716}.Debug|Any CPU.Build.0 = Debug|Any CPU
		{CC1A4A8B-14AE-4B8B-BA8D-BFE6E53DD716}.Release|Any CPU.ActiveCfg = Release|Any CPU
		{CC1A4A8B-14AE-4B8B-BA8D-BFE6E53DD716}.Release|Any CPU.Build.0 = Release|Any CPU
		{FB63F6AF-EFDC-42B9-A02B-3BC329200092}.Debug|Any CPU.ActiveCfg = Debug|Any CPU
		{FB63F6AF-EFDC-42B9-A02B-3BC329200092}.Debug|Any CPU.Build.0 = Debug|Any CPU
		{FB63F6AF-EFDC-42B9-A02B-3BC329200092}.Release|Any CPU.ActiveCfg = Release|Any CPU
		{FB63F6AF-EFDC-42B9-A02B-3BC329200092}.Release|Any CPU.Build.0 = Release|Any CPU
	EndGlobalSection
	GlobalSection(SolutionProperties) = preSolution
		HideSolutionNode = FALSE
	EndGlobalSection
	GlobalSection(NestedProjects) = preSolution
		{AE5AFAC8-247E-4102-ABA7-887BF1D818B3} = {791610E2-346E-40D0-9B3F-E2472391C40F}
		{936DE6A2-1BCE-43C0-B9D9-E99A05479B82} = {791610E2-346E-40D0-9B3F-E2472391C40F}
		{307771E1-B5D3-4343-8AB0-8A4158003876} = {791610E2-346E-40D0-9B3F-E2472391C40F}
		{4AD140ED-A1CC-4066-82B9-FEF003DD7A58} = {791610E2-346E-40D0-9B3F-E2472391C40F}
		{0FFC7EBE-2834-460B-80A1-705E7C27F1A2} = {791610E2-346E-40D0-9B3F-E2472391C40F}
		{EBB47B8F-4993-4C07-BF41-F6A30D26AB59} = {85FDC77F-3DCE-4D03-AF17-A696A7DC5CA8}
		{614DF7EA-1D5E-485D-AEB6-009A8D33DC26} = {85FDC77F-3DCE-4D03-AF17-A696A7DC5CA8}
		{A0B68EB3-AFF1-4B1E-902A-D4DA22E8DC70} = {85FDC77F-3DCE-4D03-AF17-A696A7DC5CA8}
		{AD2ADBA7-8A6F-4203-A762-921F8452F72E} = {85FDC77F-3DCE-4D03-AF17-A696A7DC5CA8}
		{46B08228-981C-430C-907B-B975EAF4A077} = {85FDC77F-3DCE-4D03-AF17-A696A7DC5CA8}
		{CC1A4A8B-14AE-4B8B-BA8D-BFE6E53DD716} = {4B52406F-F93F-47D5-9478-13B66326ABF0}
	EndGlobalSection
EndGlobal
