
Microsoft Visual Studio Solution File, Format Version 12.00
# 
VisualStudioVersion = 17.5.002.0
MinimumVisualStudioVersion = 
Project("{2150E333-8FDC-42A3-9474-1A3956D46DE8}") = "TodoCQRS", "TodoCQRS", "{E562F07C-4DA0-4C11-8D15-1B6BCC939A3C}"
EndProject
Project("{FAE04EC0-301F-11D3-BF4B-00C04F79EFBC}") = "WebService", "WebService\WebService.csproj", "{02CAD38B-C3C4-41E4-8544-E0E95D3DF1EB}"
EndProject
Project("{2150E333-8FDC-42A3-9474-1A3956D46DE8}") = "Core", "Core", "{8D85C026-0462-4E4A-B069-7C4DABB0261D}"
EndProject
Project("{FAE04EC0-301F-11D3-BF4B-00C04F79EFBC}") = "Core.Commands", "Core\Core.Commands\Core.Commands.csproj", "{716D400A-8FF0-47A7-B868-929771BE2E0F}"
EndProject
Project("{FAE04EC0-301F-11D3-BF4B-00C04F79EFBC}") = "Core.CommandHandlers", "Core\Core.CommandHandlers\Core.CommandHandlers.csproj", "{35E988DA-4BBA-4C31-A1E3-D9554B8B72A0}"
EndProject
Project("{FAE04EC0-301F-11D3-BF4B-00C04F79EFBC}") = "Core.Queries", "Core\Core.Queries\Core.Queries.csproj", "{B2D3308D-1C03-47FA-8DB9-F45176DF48ED}"
EndProject
Project("{FAE04EC0-301F-11D3-BF4B-00C04F79EFBC}") = "Core.QueryHandlers", "Core\Core.QueryHandlers\Core.QueryHandlers.csproj", "{892C2D86-4B10-4B6A-94C3-FA572CD515A4}"
EndProject
Project("{FAE04EC0-301F-11D3-BF4B-00C04F79EFBC}") = "Core.Services", "Core\Core.Services\Core.Services.csproj", "{0D064616-46BF-4324-9E7A-25E042E53FA7}"
EndProject
Project("{FAE04EC0-301F-11D3-BF4B-00C04F79EFBC}") = "Todo.Commands", "Todo\Todo.Commands\Todo.Commands.csproj", "{C476C320-805A-4172-8945-77A80E82FDF3}"
EndProject
Project("{FAE04EC0-301F-11D3-BF4B-00C04F79EFBC}") = "Todo.CommandHandlers", "Todo\Todo.CommandHandlers\Todo.CommandHandlers.csproj", "{6C304C8A-6D56-40DC-852F-25045DCC8C2D}"
EndProject
Project("{FAE04EC0-301F-11D3-BF4B-00C04F79EFBC}") = "Todo.Queries", "Todo\Todo.Queries\Todo.Queries.csproj", "{43CB60ED-77EC-447D-AB61-E3A2A8C9BF72}"
EndProject
Project("{FAE04EC0-301F-11D3-BF4B-00C04F79EFBC}") = "Todo.QueryHandlers", "Todo\Todo.QueryHandlers\Todo.QueryHandlers.csproj", "{10B551B2-87E2-4F96-9B94-26782FD0FDC0}"
EndProject
Project("{FAE04EC0-301F-11D3-BF4B-00C04F79EFBC}") = "Todo.Services", "Todo\Todo.Services\Todo.Services.csproj", "{D204889F-32C1-4051-A789-31D03009C975}"
EndProject
Project("{FAE04EC0-301F-11D3-BF4B-00C04F79EFBC}") = "Core.Entities", "Core\Core.Entities\Core.Entities.csproj", "{78994FFB-E23A-4FE5-B3D2-4E9F5C107285}"
EndProject
Project("{FAE04EC0-301F-11D3-BF4B-00C04F79EFBC}") = "Core.Shared", "Core\Core.Shared\Core.Shared.csproj", "{59F84C0E-2186-4D08-A5AD-864098DF3A6A}"
EndProject
Global
	GlobalSection(SolutionConfigurationPlatforms) = preSolution
		Debug|Any CPU = Debug|Any CPU
		Release|Any CPU = Release|Any CPU
	EndGlobalSection
	GlobalSection(ProjectConfigurationPlatforms) = postSolution
		{02CAD38B-C3C4-41E4-8544-E0E95D3DF1EB}.Debug|Any CPU.ActiveCfg = Debug|Any CPU
		{02CAD38B-C3C4-41E4-8544-E0E95D3DF1EB}.Debug|Any CPU.Build.0 = Debug|Any CPU
		{02CAD38B-C3C4-41E4-8544-E0E95D3DF1EB}.Release|Any CPU.ActiveCfg = Release|Any CPU
		{02CAD38B-C3C4-41E4-8544-E0E95D3DF1EB}.Release|Any CPU.Build.0 = Release|Any CPU
		{716D400A-8FF0-47A7-B868-929771BE2E0F}.Debug|Any CPU.ActiveCfg = Debug|Any CPU
		{716D400A-8FF0-47A7-B868-929771BE2E0F}.Debug|Any CPU.Build.0 = Debug|Any CPU
		{716D400A-8FF0-47A7-B868-929771BE2E0F}.Release|Any CPU.ActiveCfg = Release|Any CPU
		{716D400A-8FF0-47A7-B868-929771BE2E0F}.Release|Any CPU.Build.0 = Release|Any CPU
		{35E988DA-4BBA-4C31-A1E3-D9554B8B72A0}.Debug|Any CPU.ActiveCfg = Debug|Any CPU
		{35E988DA-4BBA-4C31-A1E3-D9554B8B72A0}.Debug|Any CPU.Build.0 = Debug|Any CPU
		{35E988DA-4BBA-4C31-A1E3-D9554B8B72A0}.Release|Any CPU.ActiveCfg = Release|Any CPU
		{35E988DA-4BBA-4C31-A1E3-D9554B8B72A0}.Release|Any CPU.Build.0 = Release|Any CPU
		{B2D3308D-1C03-47FA-8DB9-F45176DF48ED}.Debug|Any CPU.ActiveCfg = Debug|Any CPU
		{B2D3308D-1C03-47FA-8DB9-F45176DF48ED}.Debug|Any CPU.Build.0 = Debug|Any CPU
		{B2D3308D-1C03-47FA-8DB9-F45176DF48ED}.Release|Any CPU.ActiveCfg = Release|Any CPU
		{B2D3308D-1C03-47FA-8DB9-F45176DF48ED}.Release|Any CPU.Build.0 = Release|Any CPU
		{892C2D86-4B10-4B6A-94C3-FA572CD515A4}.Debug|Any CPU.ActiveCfg = Debug|Any CPU
		{892C2D86-4B10-4B6A-94C3-FA572CD515A4}.Debug|Any CPU.Build.0 = Debug|Any CPU
		{892C2D86-4B10-4B6A-94C3-FA572CD515A4}.Release|Any CPU.ActiveCfg = Release|Any CPU
		{892C2D86-4B10-4B6A-94C3-FA572CD515A4}.Release|Any CPU.Build.0 = Release|Any CPU
		{0D064616-46BF-4324-9E7A-25E042E53FA7}.Debug|Any CPU.ActiveCfg = Debug|Any CPU
		{0D064616-46BF-4324-9E7A-25E042E53FA7}.Debug|Any CPU.Build.0 = Debug|Any CPU
		{0D064616-46BF-4324-9E7A-25E042E53FA7}.Release|Any CPU.ActiveCfg = Release|Any CPU
		{0D064616-46BF-4324-9E7A-25E042E53FA7}.Release|Any CPU.Build.0 = Release|Any CPU
		{C476C320-805A-4172-8945-77A80E82FDF3}.Debug|Any CPU.ActiveCfg = Debug|Any CPU
		{C476C320-805A-4172-8945-77A80E82FDF3}.Debug|Any CPU.Build.0 = Debug|Any CPU
		{C476C320-805A-4172-8945-77A80E82FDF3}.Release|Any CPU.ActiveCfg = Release|Any CPU
		{C476C320-805A-4172-8945-77A80E82FDF3}.Release|Any CPU.Build.0 = Release|Any CPU
		{6C304C8A-6D56-40DC-852F-25045DCC8C2D}.Debug|Any CPU.ActiveCfg = Debug|Any CPU
		{6C304C8A-6D56-40DC-852F-25045DCC8C2D}.Debug|Any CPU.Build.0 = Debug|Any CPU
		{6C304C8A-6D56-40DC-852F-25045DCC8C2D}.Release|Any CPU.ActiveCfg = Release|Any CPU
		{6C304C8A-6D56-40DC-852F-25045DCC8C2D}.Release|Any CPU.Build.0 = Release|Any CPU
		{43CB60ED-77EC-447D-AB61-E3A2A8C9BF72}.Debug|Any CPU.ActiveCfg = Debug|Any CPU
		{43CB60ED-77EC-447D-AB61-E3A2A8C9BF72}.Debug|Any CPU.Build.0 = Debug|Any CPU
		{43CB60ED-77EC-447D-AB61-E3A2A8C9BF72}.Release|Any CPU.ActiveCfg = Release|Any CPU
		{43CB60ED-77EC-447D-AB61-E3A2A8C9BF72}.Release|Any CPU.Build.0 = Release|Any CPU
		{10B551B2-87E2-4F96-9B94-26782FD0FDC0}.Debug|Any CPU.ActiveCfg = Debug|Any CPU
		{10B551B2-87E2-4F96-9B94-26782FD0FDC0}.Debug|Any CPU.Build.0 = Debug|Any CPU
		{10B551B2-87E2-4F96-9B94-26782FD0FDC0}.Release|Any CPU.ActiveCfg = Release|Any CPU
		{10B551B2-87E2-4F96-9B94-26782FD0FDC0}.Release|Any CPU.Build.0 = Release|Any CPU
		{D204889F-32C1-4051-A789-31D03009C975}.Debug|Any CPU.ActiveCfg = Debug|Any CPU
		{D204889F-32C1-4051-A789-31D03009C975}.Debug|Any CPU.Build.0 = Debug|Any CPU
		{D204889F-32C1-4051-A789-31D03009C975}.Release|Any CPU.ActiveCfg = Release|Any CPU
		{D204889F-32C1-4051-A789-31D03009C975}.Release|Any CPU.Build.0 = Release|Any CPU
		{78994FFB-E23A-4FE5-B3D2-4E9F5C107285}.Debug|Any CPU.ActiveCfg = Debug|Any CPU
		{78994FFB-E23A-4FE5-B3D2-4E9F5C107285}.Debug|Any CPU.Build.0 = Debug|Any CPU
		{78994FFB-E23A-4FE5-B3D2-4E9F5C107285}.Release|Any CPU.ActiveCfg = Release|Any CPU
		{78994FFB-E23A-4FE5-B3D2-4E9F5C107285}.Release|Any CPU.Build.0 = Release|Any CPU
		{59F84C0E-2186-4D08-A5AD-864098DF3A6A}.Debug|Any CPU.ActiveCfg = Debug|Any CPU
		{59F84C0E-2186-4D08-A5AD-864098DF3A6A}.Debug|Any CPU.Build.0 = Debug|Any CPU
		{59F84C0E-2186-4D08-A5AD-864098DF3A6A}.Release|Any CPU.ActiveCfg = Release|Any CPU
		{59F84C0E-2186-4D08-A5AD-864098DF3A6A}.Release|Any CPU.Build.0 = Release|Any CPU
	EndGlobalSection
	GlobalSection(SolutionProperties) = preSolution
		HideSolutionNode = FALSE
	EndGlobalSection
	GlobalSection(NestedProjects) = preSolution
		{716D400A-8FF0-47A7-B868-929771BE2E0F} = {8D85C026-0462-4E4A-B069-7C4DABB0261D}
		{35E988DA-4BBA-4C31-A1E3-D9554B8B72A0} = {8D85C026-0462-4E4A-B069-7C4DABB0261D}
		{B2D3308D-1C03-47FA-8DB9-F45176DF48ED} = {8D85C026-0462-4E4A-B069-7C4DABB0261D}
		{892C2D86-4B10-4B6A-94C3-FA572CD515A4} = {8D85C026-0462-4E4A-B069-7C4DABB0261D}
		{0D064616-46BF-4324-9E7A-25E042E53FA7} = {8D85C026-0462-4E4A-B069-7C4DABB0261D}
		{C476C320-805A-4172-8945-77A80E82FDF3} = {E562F07C-4DA0-4C11-8D15-1B6BCC939A3C}
		{6C304C8A-6D56-40DC-852F-25045DCC8C2D} = {E562F07C-4DA0-4C11-8D15-1B6BCC939A3C}
		{43CB60ED-77EC-447D-AB61-E3A2A8C9BF72} = {E562F07C-4DA0-4C11-8D15-1B6BCC939A3C}
		{10B551B2-87E2-4F96-9B94-26782FD0FDC0} = {E562F07C-4DA0-4C11-8D15-1B6BCC939A3C}
		{D204889F-32C1-4051-A789-31D03009C975} = {E562F07C-4DA0-4C11-8D15-1B6BCC939A3C}
		{78994FFB-E23A-4FE5-B3D2-4E9F5C107285} = {8D85C026-0462-4E4A-B069-7C4DABB0261D}
		{59F84C0E-2186-4D08-A5AD-864098DF3A6A} = {8D85C026-0462-4E4A-B069-7C4DABB0261D}
	EndGlobalSection
EndGlobal
